// !$*UTF8*$!
{
	archiveVersion = 1;
	classes = {
	};
	objectVersion = 77;
	objects = {

/* Begin PBXContainerItemProxy section */
		443775072F5A793700E70CA6 /* PBXContainerItemProxy */ = {
			isa = PBXContainerItemProxy;
			containerPortal = 441ACB672F29B9EF00A42BAA /* Project object */;
			proxyType = 1;
			remoteGlobalIDString = 441ACB6E2F29B9EF00A42BAA;
			remoteInfo = SplitIt;
		};
		44966CC82F2B3FAE00F2949F /* PBXContainerItemProxy */ = {
			isa = PBXContainerItemProxy;
			containerPortal = 441ACB672F29B9EF00A42BAA /* Project object */;
			proxyType = 1;
			remoteGlobalIDString = 441ACB6E2F29B9EF00A42BAA;
			remoteInfo = SplitIt;
		};
		44966CD72F2B3FD000F2949F /* PBXContainerItemProxy */ = {
			isa = PBXContainerItemProxy;
			containerPortal = 441ACB672F29B9EF00A42BAA /* Project object */;
			proxyType = 1;
			remoteGlobalIDString = 441ACB6E2F29B9EF00A42BAA;
			remoteInfo = SplitIt;
		};
/* End PBXContainerItemProxy section */

/* Begin PBXFileReference section */
		441ACB6F2F29B9EF00A42BAA /* SplitIt.app */ = {isa = PBXFileReference; explicitFileType = wrapper.application; includeInIndex = 0; path = SplitIt.app; sourceTree = BUILT_PRODUCTS_DIR; };
		443775012F5A793700E70CA6 /* SplitItUITests.xctest */ = {isa = PBXFileReference; explicitFileType = wrapper.cfbundle; includeInIndex = 0; path = SplitItUITests.xctest; sourceTree = BUILT_PRODUCTS_DIR; };
		44966CC42F2B3FAE00F2949F /* SplitItTests.xctest */ = {isa = PBXFileReference; explicitFileType = wrapper.cfbundle; includeInIndex = 0; path = SplitItTests.xctest; sourceTree = BUILT_PRODUCTS_DIR; };
		44966CD12F2B3FD000F2949F /* SplitItTestsUI.xctest */ = {isa = PBXFileReference; explicitFileType = wrapper.cfbundle; includeInIndex = 0; path = SplitItTestsUI.xctest; sourceTree = BUILT_PRODUCTS_DIR; };
/* End PBXFileReference section */

/* Begin PBXFileSystemSynchronizedRootGroup section */
		441ACB712F29B9EF00A42BAA /* SplitIt */ = {
			isa = PBXFileSystemSynchronizedRootGroup;
			path = SplitIt;
			sourceTree = "<group>";
		};
		443775022F5A793700E70CA6 /* SplitItUITests */ = {
			isa = PBXFileSystemSynchronizedRootGroup;
			path = SplitItUITests;
			sourceTree = "<group>";
		};
/* End PBXFileSystemSynchronizedRootGroup section */

/* Begin PBXFrameworksBuildPhase section */
		441ACB6C2F29B9EF00A42BAA /* Frameworks */ = {
			isa = PBXFrameworksBuildPhase;
			buildActionMask = 2147483647;
			files = (
			);
			runOnlyForDeploymentPostprocessing = 0;
		};
		443774FE2F5A793700E70CA6 /* Frameworks */ = {
			isa = PBXFrameworksBuildPhase;
			buildActionMask = 2147483647;
			files = (
			);
			runOnlyForDeploymentPostprocessing = 0;
		};
		44966CC12F2B3FAE00F2949F /* Frameworks */ = {
			isa = PBXFrameworksBuildPhase;
			buildActionMask = 2147483647;
			files = (
			);
			runOnlyForDeploymentPostprocessing = 0;
		};
		44966CCE2F2B3FD000F2949F /* Frameworks */ = {
			isa = PBXFrameworksBuildPhase;
			buildActionMask = 2147483647;
			files = (
			);
			runOnlyForDeploymentPostprocessing = 0;
		};
/* End PBXFrameworksBuildPhase section */

/* Begin PBXGroup section */
		441ACB662F29B9EF00A42BAA = {
			isa = PBXGroup;
			children = (
				441ACB712F29B9EF00A42BAA /* SplitIt */,
				443775022F5A793700E70CA6 /* SplitItUITests */,
				441ACB702F29B9EF00A42BAA /* Products */,
			);
			sourceTree = "<group>";
		};
		441ACB702F29B9EF00A42BAA /* Products */ = {
			isa = PBXGroup;
			children = (
				441ACB6F2F29B9EF00A42BAA /* SplitIt.app */,
				44966CC42F2B3FAE00F2949F /* SplitItTests.xctest */,
				44966CD12F2B3FD000F2949F /* SplitItTestsUI.xctest */,
				443775012F5A793700E70CA6 /* SplitItUITests.xctest */,
			);
			name = Products;
			sourceTree = "<group>";
		};
/* End PBXGroup section */

/* Begin PBXNativeTarget section */
		441ACB6E2F29B9EF00A42BAA /* SplitIt */ = {
			isa = PBXNativeTarget;
			buildConfigurationList = 441ACB7A2F29B9F100A42BAA /* Build configuration list for PBXNativeTarget "SplitIt" */;
			buildPhases = (
				441ACB6B2F29B9EF00A42BAA /* Sources */,
				441ACB6C2F29B9EF00A42BAA /* Frameworks */,
				441ACB6D2F29B9EF00A42BAA /* Resources */,
			);
			buildRules = (
			);
			dependencies = (
			);
			fileSystemSynchronizedGroups = (
				441ACB712F29B9EF00A42BAA /* SplitIt */,
			);
			name = SplitIt;
			packageProductDependencies = (
			);
			productName = SplitIt;
			productReference = 441ACB6F2F29B9EF00A42BAA /* SplitIt.app */;
			productType = "com.apple.product-type.application";
		};
		443775002F5A793700E70CA6 /* SplitItUITests */ = {
			isa = PBXNativeTarget;
			buildConfigurationList = 443775092F5A793700E70CA6 /* Build configuration list for PBXNativeTarget "SplitItUITests" */;
			buildPhases = (
				443774FD2F5A793700E70CA6 /* Sources */,
				443774FE2F5A793700E70CA6 /* Frameworks */,
				443774FF2F5A793700E70CA6 /* Resources */,
			);
			buildRules = (
			);
			dependencies = (
				443775082F5A793700E70CA6 /* PBXTargetDependency */,
			);
			fileSystemSynchronizedGroups = (
				443775022F5A793700E70CA6 /* SplitItUITests */,
			);
			name = SplitItUITests;
			packageProductDependencies = (
			);
			productName = SplitItUITests;
			productReference = 443775012F5A793700E70CA6 /* SplitItUITests.xctest */;
			productType = "com.apple.product-type.bundle.ui-testing";
		};
		44966CC32F2B3FAE00F2949F /* SplitItTests */ = {
			isa = PBXNativeTarget;
			buildConfigurationList = 44966CCC2F2B3FAE00F2949F /* Build configuration list for PBXNativeTarget "SplitItTests" */;
			buildPhases = (
				44966CC02F2B3FAE00F2949F /* Sources */,
				44966CC12F2B3FAE00F2949F /* Frameworks */,
				44966CC22F2B3FAE00F2949F /* Resources */,
			);
			buildRules = (
			);
			dependencies = (
				44966CC92F2B3FAE00F2949F /* PBXTargetDependency */,
			);
			name = SplitItTests;
			packageProductDependencies = (
			);
			productName = SplitItTests;
			productReference = 44966CC42F2B3FAE00F2949F /* SplitItTests.xctest */;
			productType = "com.apple.product-type.bundle.unit-test";
		};
		44966CD02F2B3FD000F2949F /* SplitItTestsUI */ = {
			isa = PBXNativeTarget;
			buildConfigurationList = 44966CD92F2B3FD000F2949F /* Build configuration list for PBXNativeTarget "SplitItTestsUI" */;
			buildPhases = (
				44966CCD2F2B3FD000F2949F /* Sources */,
				44966CCE2F2B3FD000F2949F /* Frameworks */,
				44966CCF2F2B3FD000F2949F /* Resources */,
			);
			buildRules = (
			);
			dependencies = (
				44966CD82F2B3FD000F2949F /* PBXTargetDependency */,
			);
			name = SplitItTestsUI;
			packageProductDependencies = (
			);
			productName = SplitItTestsUI;
			productReference = 44966CD12F2B3FD000F2949F /* SplitItTestsUI.xctest */;
			productType = "com.apple.product-type.bundle.ui-testing";
		};
/* End PBXNativeTarget section */

/* Begin PBXProject section */
		441ACB672F29B9EF00A42BAA /* Project object */ = {
			isa = PBXProject;
			attributes = {
				BuildIndependentTargetsInParallel = 1;
				LastSwiftUpdateCheck = 2620;
				LastUpgradeCheck = 2620;
				TargetAttributes = {
					441ACB6E2F29B9EF00A42BAA = {
						CreatedOnToolsVersion = 26.2;
					};
					443775002F5A793700E70CA6 = {
						CreatedOnToolsVersion = 26.2;
						TestTargetID = 441ACB6E2F29B9EF00A42BAA;
					};
					44966CC32F2B3FAE00F2949F = {
						CreatedOnToolsVersion = 26.2;
						TestTargetID = 441ACB6E2F29B9EF00A42BAA;
					};
					44966CD02F2B3FD000F2949F = {
						CreatedOnToolsVersion = 26.2;
						TestTargetID = 441ACB6E2F29B9EF00A42BAA;
					};
				};
			};
			buildConfigurationList = 441ACB6A2F29B9EF00A42BAA /* Build configuration list for PBXProject "SplitIt" */;
			developmentRegion = en;
			hasScannedForEncodings = 0;
			knownRegions = (
				en,
				Base,
			);
			mainGroup = 441ACB662F29B9EF00A42BAA;
			minimizedProjectReferenceProxies = 1;
			preferredProjectObjectVersion = 77;
			productRefGroup = 441ACB702F29B9EF00A42BAA /* Products */;
			projectDirPath = "";
			projectRoot = "";
			targets = (
				441ACB6E2F29B9EF00A42BAA /* SplitIt */,
				44966CC32F2B3FAE00F2949F /* SplitItTests */,
				44966CD02F2B3FD000F2949F /* SplitItTestsUI */,
				443775002F5A793700E70CA6 /* SplitItUITests */,
			);
		};
/* End PBXProject section */

/* Begin PBXResourcesBuildPhase section */
		441ACB6D2F29B9EF00A42BAA /* Resources */ = {
			isa = PBXResourcesBuildPhase;
			buildActionMask = 2147483647;
			files = (
			);
			runOnlyForDeploymentPostprocessing = 0;
		};
		443774FF2F5A793700E70CA6 /* Resources */ = {
			isa = PBXResourcesBuildPhase;
			buildActionMask = 2147483647;
			files = (
			);
			runOnlyForDeploymentPostprocessing = 0;
		};
		44966CC22F2B3FAE00F2949F /* Resources */ = {
			isa = PBXResourcesBuildPhase;
			buildActionMask = 2147483647;
			files = (
			);
			runOnlyForDeploymentPostprocessing = 0;
		};
		44966CCF2F2B3FD000F2949F /* Resources */ = {
			isa = PBXResourcesBuildPhase;
			buildActionMask = 2147483647;
			files = (
			);
			runOnlyForDeploymentPostprocessing = 0;
		};
/* End PBXResourcesBuildPhase section */

/* Begin PBXSourcesBuildPhase section */
		441ACB6B2F29B9EF00A42BAA /* Sources */ = {
			isa = PBXSourcesBuildPhase;
			buildActionMask = 2147483647;
			files = (
			);
			runOnlyForDeploymentPostprocessing = 0;
		};
		443774FD2F5A793700E70CA6 /* Sources */ = {
			isa = PBXSourcesBuildPhase;
			buildActionMask = 2147483647;
			files = (
			);
			runOnlyForDeploymentPostprocessing = 0;
		};
		44966CC02F2B3FAE00F2949F /* Sources */ = {
			isa = PBXSourcesBuildPhase;
			buildActionMask = 2147483647;
			files = (
			);
			runOnlyForDeploymentPostprocessing = 0;
		};
		44966CCD2F2B3FD000F2949F /* Sources */ = {
			isa = PBXSourcesBuildPhase;
			buildActionMask = 2147483647;
			files = (
			);
			runOnlyForDeploymentPostprocessing = 0;
		};
/* End PBXSourcesBuildPhase section */

/* Begin PBXTargetDependency section */
		443775082F5A793700E70CA6 /* PBXTargetDependency */ = {
			isa = PBXTargetDependency;
			target = 441ACB6E2F29B9EF00A42BAA /* SplitIt */;
			targetProxy = 443775072F5A793700E70CA6 /* PBXContainerItemProxy */;
		};
		44966CC92F2B3FAE00F2949F /* PBXTargetDependency */ = {
			isa = PBXTargetDependency;
			target = 441ACB6E2F29B9EF00A42BAA /* SplitIt */;
			targetProxy = 44966CC82F2B3FAE00F2949F /* PBXContainerItemProxy */;
		};
		44966CD82F2B3FD000F2949F /* PBXTargetDependency */ = {
			isa = PBXTargetDependency;
			target = 441ACB6E2F29B9EF00A42BAA /* SplitIt */;
			targetProxy = 44966CD72F2B3FD000F2949F /* PBXContainerItemProxy */;
		};
/* End PBXTargetDependency section */

/* Begin XCBuildConfiguration section */
		441ACB782F29B9F100A42BAA /* Debug */ = {
			isa = XCBuildConfiguration;
			buildSettings = {
				ALWAYS_SEARCH_USER_PATHS = NO;
				ASSETCATALOG_COMPILER_GENERATE_SWIFT_ASSET_SYMBOL_EXTENSIONS = YES;
				CLANG_ANALYZER_NONNULL = YES;
				CLANG_ANALYZER_NUMBER_OBJECT_CONVERSION = YES_AGGRESSIVE;
				CLANG_CXX_LANGUAGE_STANDARD = "gnu++20";
				CLANG_ENABLE_MODULES = YES;
				CLANG_ENABLE_OBJC_ARC = YES;
				CLANG_ENABLE_OBJC_WEAK = YES;
				CLANG_WARN_BLOCK_CAPTURE_AUTORELEASING = YES;
				CLANG_WARN_BOOL_CONVERSION = YES;
				CLANG_WARN_COMMA = YES;
				CLANG_WARN_CONSTANT_CONVERSION = YES;
				CLANG_WARN_DEPRECATED_OBJC_IMPLEMENTATIONS = YES;
				CLANG_WARN_DIRECT_OBJC_ISA_USAGE = YES_ERROR;
				CLANG_WARN_DOCUMENTATION_COMMENTS = YES;
				CLANG_WARN_EMPTY_BODY = YES;
				CLANG_WARN_ENUM_CONVERSION = YES;
				CLANG_WARN_INFINITE_RECURSION = YES;
				CLANG_WARN_INT_CONVERSION = YES;
				CLANG_WARN_NON_LITERAL_NULL_CONVERSION = YES;
				CLANG_WARN_OBJC_IMPLICIT_RETAIN_SELF = YES;
				CLANG_WARN_OBJC_LITERAL_CONVERSION = YES;
				CLANG_WARN_OBJC_ROOT_CLASS = YES_ERROR;
				CLANG_WARN_QUOTED_INCLUDE_IN_FRAMEWORK_HEADER = YES;
				CLANG_WARN_RANGE_LOOP_ANALYSIS = YES;
				CLANG_WARN_STRICT_PROTOTYPES = YES;
				CLANG_WARN_SUSPICIOUS_MOVE = YES;
				CLANG_WARN_UNGUARDED_AVAILABILITY = YES_AGGRESSIVE;
				CLANG_WARN_UNREACHABLE_CODE = YES;
				CLANG_WARN__DUPLICATE_METHOD_MATCH = YES;
				COPY_PHASE_STRIP = NO;
				DEBUG_INFORMATION_FORMAT = dwarf;
				ENABLE_STRICT_OBJC_MSGSEND = YES;
				ENABLE_TESTABILITY = YES;
				ENABLE_USER_SCRIPT_SANDBOXING = YES;
				GCC_C_LANGUAGE_STANDARD = gnu17;
				GCC_DYNAMIC_NO_PIC = NO;
				GCC_NO_COMMON_BLOCKS = YES;
				GCC_OPTIMIZATION_LEVEL = 0;
				GCC_PREPROCESSOR_DEFINITIONS = (
					"DEBUG=1",
					"$(inherited)",
				);
				GCC_WARN_64_TO_32_BIT_CONVERSION = YES;
				GCC_WARN_ABOUT_RETURN_TYPE = YES_ERROR;
				GCC_WARN_UNDECLARED_SELECTOR = YES;
				GCC_WARN_UNINITIALIZED_AUTOS = YES_AGGRESSIVE;
				GCC_WARN_UNUSED_FUNCTION = YES;
				GCC_WARN_UNUSED_VARIABLE = YES;
				IPHONEOS_DEPLOYMENT_TARGET = 26.2;
				LOCALIZATION_PREFERS_STRING_CATALOGS = YES;
				MTL_ENABLE_DEBUG_INFO = INCLUDE_SOURCE;
				MTL_FAST_MATH = YES;
				ONLY_ACTIVE_ARCH = YES;
				SDKROOT = iphoneos;
				SWIFT_ACTIVE_COMPILATION_CONDITIONS = "DEBUG $(inherited)";
				SWIFT_OPTIMIZATION_LEVEL = "-Onone";
			};
			name = Debug;
		};
		441ACB792F29B9F100A42BAA /* Release */ = {
			isa = XCBuildConfiguration;
			buildSettings = {
				ALWAYS_SEARCH_USER_PATHS = NO;
				ASSETCATALOG_COMPILER_GENERATE_SWIFT_ASSET_SYMBOL_EXTENSIONS = YES;
				CLANG_ANALYZER_NONNULL = YES;
				CLANG_ANALYZER_NUMBER_OBJECT_CONVERSION = YES_AGGRESSIVE;
				CLANG_CXX_LANGUAGE_STANDARD = "gnu++20";
				CLANG_ENABLE_MODULES = YES;
				CLANG_ENABLE_OBJC_ARC = YES;
				CLANG_ENABLE_OBJC_WEAK = YES;
				CLANG_WARN_BLOCK_CAPTURE_AUTORELEASING = YES;
				CLANG_WARN_BOOL_CONVERSION = YES;
				CLANG_WARN_COMMA = YES;
				CLANG_WARN_CONSTANT_CONVERSION = YES;
				CLANG_WARN_DEPRECATED_OBJC_IMPLEMENTATIONS = YES;
				CLANG_WARN_DIRECT_OBJC_ISA_USAGE = YES_ERROR;
				CLANG_WARN_DOCUMENTATION_COMMENTS = YES;
				CLANG_WARN_EMPTY_BODY = YES;
				CLANG_WARN_ENUM_CONVERSION = YES;
				CLANG_WARN_INFINITE_RECURSION = YES;
				CLANG_WARN_INT_CONVERSION = YES;
				CLANG_WARN_NON_LITERAL_NULL_CONVERSION = YES;
				CLANG_WARN_OBJC_IMPLICIT_RETAIN_SELF = YES;
				CLANG_WARN_OBJC_LITERAL_CONVERSION = YES;
				CLANG_WARN_OBJC_ROOT_CLASS = YES_ERROR;
				CLANG_WARN_QUOTED_INCLUDE_IN_FRAMEWORK_HEADER = YES;
				CLANG_WARN_RANGE_LOOP_ANALYSIS = YES;
				CLANG_WARN_STRICT_PROTOTYPES = YES;
				CLANG_WARN_SUSPICIOUS_MOVE = YES;
				CLANG_WARN_UNGUARDED_AVAILABILITY = YES_AGGRESSIVE;
				CLANG_WARN_UNREACHABLE_CODE = YES;
				CLANG_WARN__DUPLICATE_METHOD_MATCH = YES;
				COPY_PHASE_STRIP = NO;
				DEBUG_INFORMATION_FORMAT = "dwarf-with-dsym";
				ENABLE_NS_ASSERTIONS = NO;
				ENABLE_STRICT_OBJC_MSGSEND = YES;
				ENABLE_USER_SCRIPT_SANDBOXING = YES;
				GCC_C_LANGUAGE_STANDARD = gnu17;
				GCC_NO_COMMON_BLOCKS = YES;
				GCC_WARN_64_TO_32_BIT_CONVERSION = YES;
				GCC_WARN_ABOUT_RETURN_TYPE = YES_ERROR;
				GCC_WARN_UNDECLARED_SELECTOR = YES;
				GCC_WARN_UNINITIALIZED_AUTOS = YES_AGGRESSIVE;
				GCC_WARN_UNUSED_FUNCTION = YES;
				GCC_WARN_UNUSED_VARIABLE = YES;
				IPHONEOS_DEPLOYMENT_TARGET = 26.2;
				LOCALIZATION_PREFERS_STRING_CATALOGS = YES;
				MTL_ENABLE_DEBUG_INFO = NO;
				MTL_FAST_MATH = YES;
				SDKROOT = iphoneos;
				SWIFT_COMPILATION_MODE = wholemodule;
				VALIDATE_PRODUCT = YES;
			};
			name = Release;
		};
		441ACB7B2F29B9F100A42BAA /* Debug */ = {
			isa = XCBuildConfiguration;
			buildSettings = {
				ASSETCATALOG_COMPILER_APPICON_NAME = AppIcon;
				ASSETCATALOG_COMPILER_GLOBAL_ACCENT_COLOR_NAME = AccentColor;
				CODE_SIGN_STYLE = Automatic;
				CURRENT_PROJECT_VERSION = 1;
				ENABLE_PREVIEWS = YES;
				GENERATE_INFOPLIST_FILE = YES;
				INFOPLIST_KEY_UIApplicationSceneManifest_Generation = YES;
				INFOPLIST_KEY_UIApplicationSupportsIndirectInputEvents = YES;
				INFOPLIST_KEY_UILaunchScreen_Generation = YES;
				INFOPLIST_KEY_UISupportedInterfaceOrientations_iPad = "UIInterfaceOrientationPortrait UIInterfaceOrientationPortraitUpsideDown UIInterfaceOrientationLandscapeLeft UIInterfaceOrientationLandscapeRight";
				INFOPLIST_KEY_UISupportedInterfaceOrientations_iPhone = "UIInterfaceOrientationPortrait UIInterfaceOrientationLandscapeLeft UIInterfaceOrientationLandscapeRight";
				LD_RUNPATH_SEARCH_PATHS = (
					"$(inherited)",
					"@executable_path/Frameworks",
				);
				MARKETING_VERSION = 1.0;
				PRODUCT_BUNDLE_IDENTIFIER = me.Jalysa.Turner.SplitIt;
				PRODUCT_NAME = "$(TARGET_NAME)";
				STRING_CATALOG_GENERATE_SYMBOLS = YES;
				SWIFT_APPROACHABLE_CONCURRENCY = YES;
				SWIFT_DEFAULT_ACTOR_ISOLATION = MainActor;
				SWIFT_EMIT_LOC_STRINGS = YES;
				SWIFT_UPCOMING_FEATURE_MEMBER_IMPORT_VISIBILITY = YES;
				SWIFT_VERSION = 5.0;
				TARGETED_DEVICE_FAMILY = "1,2";
			};
			name = Debug;
		};
		441ACB7C2F29B9F100A42BAA /* Release */ = {
			isa = XCBuildConfiguration;
			buildSettings = {
				ASSETCATALOG_COMPILER_APPICON_NAME = AppIcon;
				ASSETCATALOG_COMPILER_GLOBAL_ACCENT_COLOR_NAME = AccentColor;
				CODE_SIGN_STYLE = Automatic;
				CURRENT_PROJECT_VERSION = 1;
				ENABLE_PREVIEWS = YES;
				GENERATE_INFOPLIST_FILE = YES;
				INFOPLIST_KEY_UIApplicationSceneManifest_Generation = YES;
				INFOPLIST_KEY_UIApplicationSupportsIndirectInputEvents = YES;
				INFOPLIST_KEY_UILaunchScreen_Generation = YES;
				INFOPLIST_KEY_UISupportedInterfaceOrientations_iPad = "UIInterfaceOrientationPortrait UIInterfaceOrientationPortraitUpsideDown UIInterfaceOrientationLandscapeLeft UIInterfaceOrientationLandscapeRight";
				INFOPLIST_KEY_UISupportedInterfaceOrientations_iPhone = "UIInterfaceOrientationPortrait UIInterfaceOrientationLandscapeLeft UIInterfaceOrientationLandscapeRight";
				LD_RUNPATH_SEARCH_PATHS = (
					"$(inherited)",
					"@executable_path/Frameworks",
				);
				MARKETING_VERSION = 1.0;
				PRODUCT_BUNDLE_IDENTIFIER = me.Jalysa.Turner.SplitIt;
				PRODUCT_NAME = "$(TARGET_NAME)";
				STRING_CATALOG_GENERATE_SYMBOLS = YES;
				SWIFT_APPROACHABLE_CONCURRENCY = YES;
				SWIFT_DEFAULT_ACTOR_ISOLATION = MainActor;
				SWIFT_EMIT_LOC_STRINGS = YES;
				SWIFT_UPCOMING_FEATURE_MEMBER_IMPORT_VISIBILITY = YES;
				SWIFT_VERSION = 5.0;
				TARGETED_DEVICE_FAMILY = "1,2";
			};
			name = Release;
		};
		4437750A2F5A793700E70CA6 /* Debug */ = {
			isa = XCBuildConfiguration;
			buildSettings = {
				CODE_SIGN_STYLE = Automatic;
				CURRENT_PROJECT_VERSION = 1;
				GENERATE_INFOPLIST_FILE = YES;
				MARKETING_VERSION = 1.0;
				PRODUCT_BUNDLE_IDENTIFIER = me.Jalysa.Turner.SplitItUITests;
				PRODUCT_NAME = "$(TARGET_NAME)";
				STRING_CATALOG_GENERATE_SYMBOLS = NO;
				SWIFT_APPROACHABLE_CONCURRENCY = YES;
				SWIFT_EMIT_LOC_STRINGS = NO;
				SWIFT_UPCOMING_FEATURE_MEMBER_IMPORT_VISIBILITY = YES;
				SWIFT_VERSION = 5.0;
				TARGETED_DEVICE_FAMILY = "1,2";
				TEST_TARGET_NAME = SplitIt;
			};
			name = Debug;
		};
		4437750B2F5A793700E70CA6 /* Release */ = {
			isa = XCBuildConfiguration;
			buildSettings = {
				CODE_SIGN_STYLE = Automatic;
				CURRENT_PROJECT_VERSION = 1;
				GENERATE_INFOPLIST_FILE = YES;
				MARKETING_VERSION = 1.0;
				PRODUCT_BUNDLE_IDENTIFIER = me.Jalysa.Turner.SplitItUITests;
				PRODUCT_NAME = "$(TARGET_NAME)";
				STRING_CATALOG_GENERATE_SYMBOLS = NO;
				SWIFT_APPROACHABLE_CONCURRENCY = YES;
				SWIFT_EMIT_LOC_STRINGS = NO;
				SWIFT_UPCOMING_FEATURE_MEMBER_IMPORT_VISIBILITY = YES;
				SWIFT_VERSION = 5.0;
				TARGETED_DEVICE_FAMILY = "1,2";
				TEST_TARGET_NAME = SplitIt;
			};
			name = Release;
		};
		44966CCA2F2B3FAE00F2949F /* Debug */ = {
			isa = XCBuildConfiguration;
			buildSettings = {
				BUNDLE_LOADER = "$(TEST_HOST)";
				CODE_SIGN_STYLE = Automatic;
				CURRENT_PROJECT_VERSION = 1;
				GENERATE_INFOPLIST_FILE = YES;
				MARKETING_VERSION = 1.0;
				PRODUCT_BUNDLE_IDENTIFIER = me.Jalysa.Turner.SplitItTests;
				PRODUCT_NAME = "$(TARGET_NAME)";
				STRING_CATALOG_GENERATE_SYMBOLS = NO;
				SWIFT_APPROACHABLE_CONCURRENCY = YES;
				SWIFT_EMIT_LOC_STRINGS = NO;
				SWIFT_UPCOMING_FEATURE_MEMBER_IMPORT_VISIBILITY = YES;
				SWIFT_VERSION = 5.0;
				TARGETED_DEVICE_FAMILY = "1,2";
				TEST_HOST = "$(BUILT_PRODUCTS_DIR)/SplitIt.app/$(BUNDLE_EXECUTABLE_FOLDER_PATH)/SplitIt";
			};
			name = Debug;
		};
		44966CCB2F2B3FAE00F2949F /* Release */ = {
			isa = XCBuildConfiguration;
			buildSettings = {
				BUNDLE_LOADER = "$(TEST_HOST)";
				CODE_SIGN_STYLE = Automatic;
				CURRENT_PROJECT_VERSION = 1;
				GENERATE_INFOPLIST_FILE = YES;
				MARKETING_VERSION = 1.0;
				PRODUCT_BUNDLE_IDENTIFIER = me.Jalysa.Turner.SplitItTests;
				PRODUCT_NAME = "$(TARGET_NAME)";
				STRING_CATALOG_GENERATE_SYMBOLS = NO;
				SWIFT_APPROACHABLE_CONCURRENCY = YES;
				SWIFT_EMIT_LOC_STRINGS = NO;
				SWIFT_UPCOMING_FEATURE_MEMBER_IMPORT_VISIBILITY = YES;
				SWIFT_VERSION = 5.0;
				TARGETED_DEVICE_FAMILY = "1,2";
				TEST_HOST = "$(BUILT_PRODUCTS_DIR)/SplitIt.app/$(BUNDLE_EXECUTABLE_FOLDER_PATH)/SplitIt";
			};
			name = Release;
		};
		44966CDA2F2B3FD000F2949F /* Debug */ = {
			isa = XCBuildConfiguration;
			buildSettings = {
				CODE_SIGN_STYLE = Automatic;
				CURRENT_PROJECT_VERSION = 1;
				GENERATE_INFOPLIST_FILE = YES;
				MARKETING_VERSION = 1.0;
				PRODUCT_BUNDLE_IDENTIFIER = me.Jalysa.Turner.SplitItTestsUI;
				PRODUCT_NAME = "$(TARGET_NAME)";
				STRING_CATALOG_GENERATE_SYMBOLS = NO;
				SWIFT_APPROACHABLE_CONCURRENCY = YES;
				SWIFT_EMIT_LOC_STRINGS = NO;
				SWIFT_UPCOMING_FEATURE_MEMBER_IMPORT_VISIBILITY = YES;
				SWIFT_VERSION = 5.0;
				TARGETED_DEVICE_FAMILY = "1,2";
				TEST_TARGET_NAME = SplitIt;
			};
			name = Debug;
		};
		44966CDB2F2B3FD000F2949F /* Release */ = {
			isa = XCBuildConfiguration;
			buildSettings = {
				CODE_SIGN_STYLE = Automatic;
				CURRENT_PROJECT_VERSION = 1;
				GENERATE_INFOPLIST_FILE = YES;
				MARKETING_VERSION = 1.0;
				PRODUCT_BUNDLE_IDENTIFIER = me.Jalysa.Turner.SplitItTestsUI;
				PRODUCT_NAME = "$(TARGET_NAME)";
				STRING_CATALOG_GENERATE_SYMBOLS = NO;
				SWIFT_APPROACHABLE_CONCURRENCY = YES;
				SWIFT_EMIT_LOC_STRINGS = NO;
				SWIFT_UPCOMING_FEATURE_MEMBER_IMPORT_VISIBILITY = YES;
				SWIFT_VERSION = 5.0;
				TARGETED_DEVICE_FAMILY = "1,2";
				TEST_TARGET_NAME = SplitIt;
			};
			name = Release;
		};
/* End XCBuildConfiguration section */

/* Begin XCConfigurationList section */
		441ACB6A2F29B9EF00A42BAA /* Build configuration list for PBXProject "SplitIt" */ = {
			isa = XCConfigurationList;
			buildConfigurations = (
				441ACB782F29B9F100A42BAA /* Debug */,
				441ACB792F29B9F100A42BAA /* Release */,
			);
			defaultConfigurationIsVisible = 0;
			defaultConfigurationName = Release;
		};
		441ACB7A2F29B9F100A42BAA /* Build configuration list for PBXNativeTarget "SplitIt" */ = {
			isa = XCConfigurationList;
			buildConfigurations = (
				441ACB7B2F29B9F100A42BAA /* Debug */,
				441ACB7C2F29B9F100A42BAA /* Release */,
			);
			defaultConfigurationIsVisible = 0;
			defaultConfigurationName = Release;
		};
		443775092F5A793700E70CA6 /* Build configuration list for PBXNativeTarget "SplitItUITests" */ = {
			isa = XCConfigurationList;
			buildConfigurations = (
				4437750A2F5A793700E70CA6 /* Debug */,
				4437750B2F5A793700E70CA6 /* Release */,
			);
			defaultConfigurationIsVisible = 0;
			defaultConfigurationName = Release;
		};
		44966CCC2F2B3FAE00F2949F /* Build configuration list for PBXNativeTarget "SplitItTests" */ = {
			isa = XCConfigurationList;
			buildConfigurations = (
				44966CCA2F2B3FAE00F2949F /* Debug */,
				44966CCB2F2B3FAE00F2949F /* Release */,
			);
			defaultConfigurationIsVisible = 0;
			defaultConfigurationName = Release;
		};
		44966CD92F2B3FD000F2949F /* Build configuration list for PBXNativeTarget "SplitItTestsUI" */ = {
			isa = XCConfigurationList;
			buildConfigurations = (
				44966CDA2F2B3FD000F2949F /* Debug */,
				44966CDB2F2B3FD000F2949F /* Release */,
			);
			defaultConfigurationIsVisible = 0;
			defaultConfigurationName = Release;
		};
/* End XCConfigurationList section */
	};
	rootObject = 441ACB672F29B9EF00A42BAA /* Project object */;
}
